// !$*UTF8*$!
{
	archiveVersion = 1;
	classes = {
	};
	objectVersion = 46;
	objects = {

/* Begin PBXBuildFile section */
		54AFC2D61A59408400F9AB20 /* main.m in Sources */ = {isa = PBXBuildFile; fileRef = 54AFC2D51A59408400F9AB20 /* main.m */; };
		54AFC2D91A59408400F9AB20 /* AppDelegate.m in Sources */ = {isa = PBXBuildFile; fileRef = 54AFC2D81A59408400F9AB20 /* AppDelegate.m */; };
		54AFC2DC1A59408400F9AB20 /* ViewController.m in Sources */ = {isa = PBXBuildFile; fileRef = 54AFC2DB1A59408400F9AB20 /* ViewController.m */; };
		54AFC2DF1A59408400F9AB20 /* Main.storyboard in Resources */ = {isa = PBXBuildFile; fileRef = 54AFC2DD1A59408400F9AB20 /* Main.storyboard */; };
		54AFC2E11A59408400F9AB20 /* Images.xcassets in Resources */ = {isa = PBXBuildFile; fileRef = 54AFC2E01A59408400F9AB20 /* Images.xcassets */; };
		54AFC2E41A59408400F9AB20 /* LaunchScreen.xib in Resources */ = {isa = PBXBuildFile; fileRef = 54AFC2E21A59408400F9AB20 /* LaunchScreen.xib */; };
		54AFC2F01A59408400F9AB20 /* AppRTCDemoTests.m in Sources */ = {isa = PBXBuildFile; fileRef = 54AFC2EF1A59408400F9AB20 /* AppRTCDemoTests.m */; };
/* End PBXBuildFile section */

/* Begin PBXContainerItemProxy section */
		54AFC2EA1A59408400F9AB20 /* PBXContainerItemProxy */ = {
			isa = PBXContainerItemProxy;
			containerPortal = 54AFC2C81A59408300F9AB20 /* Project object */;
			proxyType = 1;
			remoteGlobalIDString = 54AFC2CF1A59408300F9AB20;
			remoteInfo = AppRTCDemo;
		};
/* End PBXContainerItemProxy section */

/* Begin PBXFileReference section */
		54AFC2D01A59408300F9AB20 /* AppRTCDemo.app */ = {isa = PBXFileReference; explicitFileType = wrapper.application; includeInIndex = 0; path = AppRTCDemo.app; sourceTree = BUILT_PRODUCTS_DIR; };
		54AFC2D41A59408400F9AB20 /* Info.plist */ = {isa = PBXFileReference; lastKnownFileType = text.plist.xml; path = Info.plist; sourceTree = "<group>"; };
		54AFC2D51A59408400F9AB20 /* main.m */ = {isa = PBXFileReference; lastKnownFileType = sourcecode.c.objc; path = main.m; sourceTree = "<group>"; };
		54AFC2D71A59408400F9AB20 /* AppDelegate.h */ = {isa = PBXFileReference; lastKnownFileType = sourcecode.c.h; path = AppDelegate.h; sourceTree = "<group>"; };
		54AFC2D81A59408400F9AB20 /* AppDelegate.m */ = {isa = PBXFileReference; lastKnownFileType = sourcecode.c.objc; path = AppDelegate.m; sourceTree = "<group>"; };
		54AFC2DA1A59408400F9AB20 /* ViewController.h */ = {isa = PBXFileReference; lastKnownFileType = sourcecode.c.h; path = ViewController.h; sourceTree = "<group>"; };
		54AFC2DB1A59408400F9AB20 /* ViewController.m */ = {isa = PBXFileReference; lastKnownFileType = sourcecode.c.objc; path = ViewController.m; sourceTree = "<group>"; };
		54AFC2DE1A59408400F9AB20 /* Base */ = {isa = PBXFileReference; lastKnownFileType = file.storyboard; name = Base; path = Base.lproj/Main.storyboard; sourceTree = "<group>"; };
		54AFC2E01A59408400F9AB20 /* Images.xcassets */ = {isa = PBXFileReference; lastKnownFileType = folder.assetcatalog; path = Images.xcassets; sourceTree = "<group>"; };
		54AFC2E31A59408400F9AB20 /* Base */ = {isa = PBXFileReference; lastKnownFileType = file.xib; name = Base; path = Base.lproj/LaunchScreen.xib; sourceTree = "<group>"; };
		54AFC2E91A59408400F9AB20 /* AppRTCDemoTests.xctest */ = {isa = PBXFileReference; explicitFileType = wrapper.cfbundle; includeInIndex = 0; path = AppRTCDemoTests.xctest; sourceTree = BUILT_PRODUCTS_DIR; };
		54AFC2EE1A59408400F9AB20 /* Info.plist */ = {isa = PBXFileReference; lastKnownFileType = text.plist.xml; path = Info.plist; sourceTree = "<group>"; };
		54AFC2EF1A59408400F9AB20 /* AppRTCDemoTests.m */ = {isa = PBXFileReference; lastKnownFileType = sourcecode.c.objc; path = AppRTCDemoTests.m; sourceTree = "<group>"; };
/* End PBXFileReference section */

/* Begin PBXFrameworksBuildPhase section */
		54AFC2CD1A59408300F9AB20 /* Frameworks */ = {
			isa = PBXFrameworksBuildPhase;
			buildActionMask = 2147483647;
			files = (
			);
			runOnlyForDeploymentPostprocessing = 0;
		};
		54AFC2E61A59408400F9AB20 /* Frameworks */ = {
			isa = PBXFrameworksBuildPhase;
			buildActionMask = 2147483647;
			files = (
			);
			runOnlyForDeploymentPostprocessing = 0;
		};
/* End PBXFrameworksBuildPhase section */

/* Begin PBXGroup section */
		54AFC2C71A59408300F9AB20 = {
			isa = PBXGroup;
			children = (
				54AFC2D21A59408300F9AB20 /* AppRTCDemo */,
				54AFC2EC1A59408400F9AB20 /* AppRTCDemoTests */,
				54AFC2D11A59408300F9AB20 /* Products */,
			);
			sourceTree = "<group>";
		};
		54AFC2D11A59408300F9AB20 /* Products */ = {
			isa = PBXGroup;
			children = (
				54AFC2D01A59408300F9AB20 /* AppRTCDemo.app */,
				54AFC2E91A59408400F9AB20 /* AppRTCDemoTests.xctest */,
			);
			name = Products;
			sourceTree = "<group>";
		};
		54AFC2D21A59408300F9AB20 /* AppRTCDemo */ = {
			isa = PBXGroup;
			children = (
				54AFC2D71A59408400F9AB20 /* AppDelegate.h */,
				54AFC2D81A59408400F9AB20 /* AppDelegate.m */,
				54AFC2DA1A59408400F9AB20 /* ViewController.h */,
				54AFC2DB1A59408400F9AB20 /* ViewController.m */,
				54AFC2DD1A59408400F9AB20 /* Main.storyboard */,
				54AFC2E01A59408400F9AB20 /* Images.xcassets */,
				54AFC2E21A59408400F9AB20 /* LaunchScreen.xib */,
				54AFC2D31A59408300F9AB20 /* Supporting Files */,
			);
			path = AppRTCDemo;
			sourceTree = "<group>";
		};
		54AFC2D31A59408300F9AB20 /* Supporting Files */ = {
			isa = PBXGroup;
			children = (
				54AFC2D41A59408400F9AB20 /* Info.plist */,
				54AFC2D51A59408400F9AB20 /* main.m */,
			);
			name = "Supporting Files";
			sourceTree = "<group>";
		};
		54AFC2EC1A59408400F9AB20 /* AppRTCDemoTests */ = {
			isa = PBXGroup;
			children = (
				54AFC2EF1A59408400F9AB20 /* AppRTCDemoTests.m */,
				54AFC2ED1A59408400F9AB20 /* Supporting Files */,
			);
			path = AppRTCDemoTests;
			sourceTree = "<group>";
		};
		54AFC2ED1A59408400F9AB20 /* Supporting Files */ = {
			isa = PBXGroup;
			children = (
				54AFC2EE1A59408400F9AB20 /* Info.plist */,
			);
			name = "Supporting Files";
			sourceTree = "<group>";
		};
/* End PBXGroup section */

/* Begin PBXNativeTarget section */
		54AFC2CF1A59408300F9AB20 /* AppRTCDemo */ = {
			isa = PBXNativeTarget;
			buildConfigurationList = 54AFC2F31A59408400F9AB20 /* Build configuration list for PBXNativeTarget "AppRTCDemo" */;
			buildPhases = (
				54AFC2CC1A59408300F9AB20 /* Sources */,
				54AFC2CD1A59408300F9AB20 /* Frameworks */,
				54AFC2CE1A59408300F9AB20 /* Resources */,
			);
			buildRules = (
			);
			dependencies = (
			);
			name = AppRTCDemo;
			productName = AppRTCDemo;
			productReference = 54AFC2D01A59408300F9AB20 /* AppRTCDemo.app */;
			productType = "com.apple.product-type.application";
		};
		54AFC2E81A59408400F9AB20 /* AppRTCDemoTests */ = {
			isa = PBXNativeTarget;
			buildConfigurationList = 54AFC2F61A59408400F9AB20 /* Build configuration list for PBXNativeTarget "AppRTCDemoTests" */;
			buildPhases = (
				54AFC2E51A59408400F9AB20 /* Sources */,
				54AFC2E61A59408400F9AB20 /* Frameworks */,
				54AFC2E71A59408400F9AB20 /* Resources */,
			);
			buildRules = (
			);
			dependencies = (
				54AFC2EB1A59408400F9AB20 /* PBXTargetDependency */,
			);
			name = AppRTCDemoTests;
			productName = AppRTCDemoTests;
			productReference = 54AFC2E91A59408400F9AB20 /* AppRTCDemoTests.xctest */;
			productType = "com.apple.product-type.bundle.unit-test";
		};
/* End PBXNativeTarget section */

/* Begin PBXProject section */
		54AFC2C81A59408300F9AB20 /* Project object */ = {
			isa = PBXProject;
			attributes = {
				LastUpgradeCheck = 0610;
				ORGANIZATIONNAME = "Shin Hiroe";
				TargetAttributes = {
					54AFC2CF1A59408300F9AB20 = {
						CreatedOnToolsVersion = 6.1.1;
					};
					54AFC2E81A59408400F9AB20 = {
						CreatedOnToolsVersion = 6.1.1;
						TestTargetID = 54AFC2CF1A59408300F9AB20;
					};
				};
			};
			buildConfigurationList = 54AFC2CB1A59408300F9AB20 /* Build configuration list for PBXProject "AppRTCDemo" */;
			compatibilityVersion = "Xcode 3.2";
			developmentRegion = English;
			hasScannedForEncodings = 0;
			knownRegions = (
				en,
				Base,
			);
			mainGroup = 54AFC2C71A59408300F9AB20;
			productRefGroup = 54AFC2D11A59408300F9AB20 /* Products */;
			projectDirPath = "";
			projectRoot = "";
			targets = (
				54AFC2CF1A59408300F9AB20 /* AppRTCDemo */,
				54AFC2E81A59408400F9AB20 /* AppRTCDemoTests */,
			);
		};
/* End PBXProject section */

/* Begin PBXResourcesBuildPhase section */
		54AFC2CE1A59408300F9AB20 /* Resources */ = {
			isa = PBXResourcesBuildPhase;
			buildActionMask = 2147483647;
			files = (
				54AFC2DF1A59408400F9AB20 /* Main.storyboard in Resources */,
				54AFC2E41A59408400F9AB20 /* LaunchScreen.xib in Resources */,
				54AFC2E11A59408400F9AB20 /* Images.xcassets in Resources */,
			);
			runOnlyForDeploymentPostprocessing = 0;
		};
		54AFC2E71A59408400F9AB20 /* Resources */ = {
			isa = PBXResourcesBuildPhase;
			buildActionMask = 2147483647;
			files = (
			);
			runOnlyForDeploymentPostprocessing = 0;
		};
/* End PBXResourcesBuildPhase section */

/* Begin PBXSourcesBuildPhase section */
		54AFC2CC1A59408300F9AB20 /* Sources */ = {
			isa = PBXSourcesBuildPhase;
			buildActionMask = 2147483647;
			files = (
				54AFC2DC1A59408400F9AB20 /* ViewController.m in Sources */,
				54AFC2D91A59408400F9AB20 /* AppDelegate.m in Sources */,
				54AFC2D61A59408400F9AB20 /* main.m in Sources */,
			);
			runOnlyForDeploymentPostprocessing = 0;
		};
		54AFC2E51A59408400F9AB20 /* Sources */ = {
			isa = PBXSourcesBuildPhase;
			buildActionMask = 2147483647;
			files = (
				54AFC2F01A59408400F9AB20 /* AppRTCDemoTests.m in Sources */,
			);
			runOnlyForDeploymentPostprocessing = 0;
		};
/* End PBXSourcesBuildPhase section */

/* Begin PBXTargetDependency section */
		54AFC2EB1A59408400F9AB20 /* PBXTargetDependency */ = {
			isa = PBXTargetDependency;
			target = 54AFC2CF1A59408300F9AB20 /* AppRTCDemo */;
			targetProxy = 54AFC2EA1A59408400F9AB20 /* PBXContainerItemProxy */;
		};
/* End PBXTargetDependency section */

/* Begin PBXVariantGroup section */
		54AFC2DD1A59408400F9AB20 /* Main.storyboard */ = {
			isa = PBXVariantGroup;
			children = (
				54AFC2DE1A59408400F9AB20 /* Base */,
			);
			name = Main.storyboard;
			sourceTree = "<group>";
		};
		54AFC2E21A59408400F9AB20 /* LaunchScreen.xib */ = {
			isa = PBXVariantGroup;
			children = (
				54AFC2E31A59408400F9AB20 /* Base */,
			);
			name = LaunchScreen.xib;
			sourceTree = "<group>";
		};
/* End PBXVariantGroup section */

/* Begin XCBuildConfiguration section */
		54AFC2F11A59408400F9AB20 /* Debug */ = {
			isa = XCBuildConfiguration;
			buildSettings = {
				ALWAYS_SEARCH_USER_PATHS = NO;
				CLANG_CXX_LANGUAGE_STANDARD = "gnu++0x";
				CLANG_CXX_LIBRARY = "libc++";
				CLANG_ENABLE_MODULES = YES;
				CLANG_ENABLE_OBJC_ARC = YES;
				CLANG_WARN_BOOL_CONVERSION = YES;
				CLANG_WARN_CONSTANT_CONVERSION = YES;
				CLANG_WARN_DIRECT_OBJC_ISA_USAGE = YES_ERROR;
				CLANG_WARN_EMPTY_BODY = YES;
				CLANG_WARN_ENUM_CONVERSION = YES;
				CLANG_WARN_INT_CONVERSION = YES;
				CLANG_WARN_OBJC_ROOT_CLASS = YES_ERROR;
				CLANG_WARN_UNREACHABLE_CODE = YES;
				CLANG_WARN__DUPLICATE_METHOD_MATCH = YES;
				"CODE_SIGN_IDENTITY[sdk=iphoneos*]" = "iPhone Developer";
				COPY_PHASE_STRIP = NO;
				ENABLE_STRICT_OBJC_MSGSEND = YES;
				GCC_C_LANGUAGE_STANDARD = gnu99;
				GCC_DYNAMIC_NO_PIC = NO;
				GCC_OPTIMIZATION_LEVEL = 0;
				GCC_PREPROCESSOR_DEFINITIONS = (
					"DEBUG=1",
					"$(inherited)",
				);
				GCC_SYMBOLS_PRIVATE_EXTERN = NO;
				GCC_WARN_64_TO_32_BIT_CONVERSION = YES;
				GCC_WARN_ABOUT_RETURN_TYPE = YES_ERROR;
				GCC_WARN_UNDECLARED_SELECTOR = YES;
				GCC_WARN_UNINITIALIZED_AUTOS = YES_AGGRESSIVE;
				GCC_WARN_UNUSED_FUNCTION = YES;
				GCC_WARN_UNUSED_VARIABLE = YES;
				IPHONEOS_DEPLOYMENT_TARGET = 8.1;
				MTL_ENABLE_DEBUG_INFO = YES;
				ONLY_ACTIVE_ARCH = YES;
				SDKROOT = iphoneos;
			};
			name = Debug;
		};
		54AFC2F21A59408400F9AB20 /* Release */ = {
			isa = XCBuildConfiguration;
			buildSettings = {
				ALWAYS_SEARCH_USER_PATHS = NO;
				CLANG_CXX_LANGUAGE_STANDARD = "gnu++0x";
				CLANG_CXX_LIBRARY = "libc++";
				CLANG_ENABLE_MODULES = YES;
				CLANG_ENABLE_OBJC_ARC = YES;
				CLANG_WARN_BOOL_CONVERSION = YES;
				CLANG_WARN_CONSTANT_CONVERSION = YES;
				CLANG_WARN_DIRECT_OBJC_ISA_USAGE = YES_ERROR;
				CLANG_WARN_EMPTY_BODY = YES;
				CLANG_WARN_ENUM_CONVERSION = YES;
				CLANG_WARN_INT_CONVERSION = YES;
				CLANG_WARN_OBJC_ROOT_CLASS = YES_ERROR;
				CLANG_WARN_UNREACHABLE_CODE = YES;
				CLANG_WARN__DUPLICATE_METHOD_MATCH = YES;
				"CODE_SIGN_IDENTITY[sdk=iphoneos*]" = "iPhone Developer";
				COPY_PHASE_STRIP = YES;
				ENABLE_NS_ASSERTIONS = NO;
				ENABLE_STRICT_OBJC_MSGSEND = YES;
				GCC_C_LANGUAGE_STANDARD = gnu99;
				GCC_WARN_64_TO_32_BIT_CONVERSION = YES;
				GCC_WARN_ABOUT_RETURN_TYPE = YES_ERROR;
				GCC_WARN_UNDECLARED_SELECTOR = YES;
				GCC_WARN_UNINITIALIZED_AUTOS = YES_AGGRESSIVE;
				GCC_WARN_UNUSED_FUNCTION = YES;
				GCC_WARN_UNUSED_VARIABLE = YES;
				IPHONEOS_DEPLOYMENT_TARGET = 8.1;
				MTL_ENABLE_DEBUG_INFO = NO;
				SDKROOT = iphoneos;
				VALIDATE_PRODUCT = YES;
			};
			name = Release;
		};
		54AFC2F41A59408400F9AB20 /* Debug */ = {
			isa = XCBuildConfiguration;
			buildSettings = {
				ASSETCATALOG_COMPILER_APPICON_NAME = AppIcon;
				INFOPLIST_FILE = AppRTCDemo/Info.plist;
				LD_RUNPATH_SEARCH_PATHS = "$(inherited) @executable_path/Frameworks";
				PRODUCT_NAME = "$(TARGET_NAME)";
			};
			name = Debug;
		};
		54AFC2F51A59408400F9AB20 /* Release */ = {
			isa = XCBuildConfiguration;
			buildSettings = {
				ASSETCATALOG_COMPILER_APPICON_NAME = AppIcon;
				INFOPLIST_FILE = AppRTCDemo/Info.plist;
				LD_RUNPATH_SEARCH_PATHS = "$(inherited) @executable_path/Frameworks";
				PRODUCT_NAME = "$(TARGET_NAME)";
			};
			name = Release;
		};
		54AFC2F71A59408400F9AB20 /* Debug */ = {
			isa = XCBuildConfiguration;
			buildSettings = {
				BUNDLE_LOADER = "$(TEST_HOST)";
				FRAMEWORK_SEARCH_PATHS = (
					"$(SDKROOT)/Developer/Library/Frameworks",
					"$(inherited)",
				);
				GCC_PREPROCESSOR_DEFINITIONS = (
					"DEBUG=1",
					"$(inherited)",
				);
				INFOPLIST_FILE = AppRTCDemoTests/Info.plist;
				LD_RUNPATH_SEARCH_PATHS = "$(inherited) @executable_path/Frameworks @loader_path/Frameworks";
				PRODUCT_NAME = "$(TARGET_NAME)";
				TEST_HOST = "$(BUILT_PRODUCTS_DIR)/AppRTCDemo.app/AppRTCDemo";
			};
			name = Debug;
		};
		54AFC2F81A59408400F9AB20 /* Release */ = {
			isa = XCBuildConfiguration;
			buildSettings = {
				BUNDLE_LOADER = "$(TEST_HOST)";
				FRAMEWORK_SEARCH_PATHS = (
					"$(SDKROOT)/Developer/Library/Frameworks",
					"$(inherited)",
				);
				INFOPLIST_FILE = AppRTCDemoTests/Info.plist;
				LD_RUNPATH_SEARCH_PATHS = "$(inherited) @executable_path/Frameworks @loader_path/Frameworks";
				PRODUCT_NAME = "$(TARGET_NAME)";
				TEST_HOST = "$(BUILT_PRODUCTS_DIR)/AppRTCDemo.app/AppRTCDemo";
			};
			name = Release;
		};
/* End XCBuildConfiguration section */

/* Begin XCConfigurationList section */
		54AFC2CB1A59408300F9AB20 /* Build configuration list for PBXProject "AppRTCDemo" */ = {
			isa = XCConfigurationList;
			buildConfigurations = (
				54AFC2F11A59408400F9AB20 /* Debug */,
				54AFC2F21A59408400F9AB20 /* Release */,
			);
			defaultConfigurationIsVisible = 0;
			defaultConfigurationName = Release;
		};
		54AFC2F31A59408400F9AB20 /* Build configuration list for PBXNativeTarget "AppRTCDemo" */ = {
			isa = XCConfigurationList;
			buildConfigurations = (
				54AFC2F41A59408400F9AB20 /* Debug */,
				54AFC2F51A59408400F9AB20 /* Release */,
			);
			defaultConfigurationIsVisible = 0;
		};
		54AFC2F61A59408400F9AB20 /* Build configuration list for PBXNativeTarget "AppRTCDemoTests" */ = {
			isa = XCConfigurationList;
			buildConfigurations = (
				54AFC2F71A59408400F9AB20 /* Debug */,
				54AFC2F81A59408400F9AB20 /* Release */,
			);
			defaultConfigurationIsVisible = 0;
		};
/* End XCConfigurationList section */
	};
	rootObject = 54AFC2C81A59408300F9AB20 /* Project object */;
}
