// !$*UTF8*$!
{
	archiveVersion = 1;
	classes = {
	};
	objectVersion = 46;
	objects = {

/* Begin PBXBuildFile section */
		54AFC2F01A59408400F9AB20 /* AppRTCDemoTests.m in Sources */ = {isa = PBXBuildFile; fileRef = 54AFC2EF1A59408400F9AB20 /* AppRTCDemoTests.m */; };
		54AFC2FA1A5940B900F9AB20 /* libc++.dylib in Frameworks */ = {isa = PBXBuildFile; fileRef = 54AFC2F91A5940B900F9AB20 /* libc++.dylib */; };
		54AFC2FC1A5940C500F9AB20 /* libicucore.dylib in Frameworks */ = {isa = PBXBuildFile; fileRef = 54AFC2FB1A5940C500F9AB20 /* libicucore.dylib */; };
		54AFC2FE1A5940D000F9AB20 /* Security.framework in Frameworks */ = {isa = PBXBuildFile; fileRef = 54AFC2FD1A5940D000F9AB20 /* Security.framework */; };
		54AFC3001A5940DB00F9AB20 /* CFNetwork.framework in Frameworks */ = {isa = PBXBuildFile; fileRef = 54AFC2FF1A5940DB00F9AB20 /* CFNetwork.framework */; };
		54AFC3021A5940E500F9AB20 /* GLKit.framework in Frameworks */ = {isa = PBXBuildFile; fileRef = 54AFC3011A5940E500F9AB20 /* GLKit.framework */; };
		54AFC3041A5940F100F9AB20 /* libstdc++.6.dylib in Frameworks */ = {isa = PBXBuildFile; fileRef = 54AFC3031A5940F100F9AB20 /* libstdc++.6.dylib */; };
		54AFC3061A59410100F9AB20 /* AudioToolbox.framework in Frameworks */ = {isa = PBXBuildFile; fileRef = 54AFC3051A59410100F9AB20 /* AudioToolbox.framework */; };
		54AFC3081A59410C00F9AB20 /* AVFoundation.framework in Frameworks */ = {isa = PBXBuildFile; fileRef = 54AFC3071A59410C00F9AB20 /* AVFoundation.framework */; };
		54AFC30A1A59411C00F9AB20 /* CoreAudio.framework in Frameworks */ = {isa = PBXBuildFile; fileRef = 54AFC3091A59411C00F9AB20 /* CoreAudio.framework */; };
		54AFC30C1A59412C00F9AB20 /* CoreMedia.framework in Frameworks */ = {isa = PBXBuildFile; fileRef = 54AFC30B1A59412C00F9AB20 /* CoreMedia.framework */; };
		54AFC30E1A59413800F9AB20 /* CoreVideo.framework in Frameworks */ = {isa = PBXBuildFile; fileRef = 54AFC30D1A59413800F9AB20 /* CoreVideo.framework */; };
		54AFC3101A59415800F9AB20 /* CoreGraphics.framework in Frameworks */ = {isa = PBXBuildFile; fileRef = 54AFC30F1A59415800F9AB20 /* CoreGraphics.framework */; };
		54AFC3121A59416300F9AB20 /* OpenGLES.framework in Frameworks */ = {isa = PBXBuildFile; fileRef = 54AFC3111A59416300F9AB20 /* OpenGLES.framework */; };
		54AFC3141A59416E00F9AB20 /* QuartzCore.framework in Frameworks */ = {isa = PBXBuildFile; fileRef = 54AFC3131A59416E00F9AB20 /* QuartzCore.framework */; };
		54AFC3161A59417A00F9AB20 /* libsqlite3.dylib in Frameworks */ = {isa = PBXBuildFile; fileRef = 54AFC3151A59417A00F9AB20 /* libsqlite3.dylib */; };
		54AFC3A21A59440800F9AB20 /* APPRTCAppDelegate.m in Sources */ = {isa = PBXBuildFile; fileRef = 54AFC37F1A59440800F9AB20 /* APPRTCAppDelegate.m */; };
		54AFC3A31A59440800F9AB20 /* APPRTCViewController.m in Sources */ = {isa = PBXBuildFile; fileRef = 54AFC3821A59440800F9AB20 /* APPRTCViewController.m */; };
		54AFC3A41A59440800F9AB20 /* ARDAppClient.m in Sources */ = {isa = PBXBuildFile; fileRef = 54AFC3841A59440800F9AB20 /* ARDAppClient.m */; };
		54AFC3A51A59440800F9AB20 /* ARDMessageResponse.m in Sources */ = {isa = PBXBuildFile; fileRef = 54AFC3861A59440800F9AB20 /* ARDMessageResponse.m */; };
		54AFC3A61A59440800F9AB20 /* ARDRegisterResponse.m in Sources */ = {isa = PBXBuildFile; fileRef = 54AFC3881A59440800F9AB20 /* ARDRegisterResponse.m */; };
		54AFC3A71A59440800F9AB20 /* ARDSignalingMessage.m in Sources */ = {isa = PBXBuildFile; fileRef = 54AFC38A1A59440800F9AB20 /* ARDSignalingMessage.m */; };
		54AFC3A81A59440800F9AB20 /* ARDUtilities.m in Sources */ = {isa = PBXBuildFile; fileRef = 54AFC38C1A59440800F9AB20 /* ARDUtilities.m */; };
		54AFC3A91A59440800F9AB20 /* ARDWebSocketChannel.m in Sources */ = {isa = PBXBuildFile; fileRef = 54AFC38E1A59440800F9AB20 /* ARDWebSocketChannel.m */; };
		54AFC3AA1A59440800F9AB20 /* Default.png in Resources */ = {isa = PBXBuildFile; fileRef = 54AFC38F1A59440800F9AB20 /* Default.png */; };
		54AFC3AB1A59440800F9AB20 /* APPRTCViewController.xib in Resources */ = {isa = PBXBuildFile; fileRef = 54AFC3901A59440800F9AB20 /* APPRTCViewController.xib */; };
		54AFC3AC1A59440800F9AB20 /* Info.plist in Resources */ = {isa = PBXBuildFile; fileRef = 54AFC3921A59440800F9AB20 /* Info.plist */; };
		54AFC3AD1A59440800F9AB20 /* main.m in Sources */ = {isa = PBXBuildFile; fileRef = 54AFC3931A59440800F9AB20 /* main.m */; };
		54AFC3AE1A59440800F9AB20 /* ResourceRules.plist in Resources */ = {isa = PBXBuildFile; fileRef = 54AFC3941A59440800F9AB20 /* ResourceRules.plist */; };
		54AFC3AF1A59440800F9AB20 /* RTCICECandidate+JSON.m in Sources */ = {isa = PBXBuildFile; fileRef = 54AFC3961A59440800F9AB20 /* RTCICECandidate+JSON.m */; };
		54AFC3B01A59440800F9AB20 /* RTCICEServer+JSON.m in Sources */ = {isa = PBXBuildFile; fileRef = 54AFC3981A59440800F9AB20 /* RTCICEServer+JSON.m */; };
		54AFC3B11A59440800F9AB20 /* RTCMediaConstraints+JSON.m in Sources */ = {isa = PBXBuildFile; fileRef = 54AFC39A1A59440800F9AB20 /* RTCMediaConstraints+JSON.m */; };
		54AFC3B21A59440800F9AB20 /* RTCSessionDescription+JSON.m in Sources */ = {isa = PBXBuildFile; fileRef = 54AFC39C1A59440800F9AB20 /* RTCSessionDescription+JSON.m */; };
		54AFC3B31A59440800F9AB20 /* LICENSE in Resources */ = {isa = PBXBuildFile; fileRef = 54AFC39F1A59440800F9AB20 /* LICENSE */; };
		54AFC3B41A59440800F9AB20 /* SRWebSocket.m in Sources */ = {isa = PBXBuildFile; fileRef = 54AFC3A11A59440800F9AB20 /* SRWebSocket.m */; };
		54F724F01A5AE5060066174E /* libWebRTC.a in Frameworks */ = {isa = PBXBuildFile; fileRef = 54F724EF1A5AE5060066174E /* libWebRTC.a */; };
/* End PBXBuildFile section */

/* Begin PBXContainerItemProxy section */
		54AFC2EA1A59408400F9AB20 /* PBXContainerItemProxy */ = {
			isa = PBXContainerItemProxy;
			containerPortal = 54AFC2C81A59408300F9AB20 /* Project object */;
			proxyType = 1;
			remoteGlobalIDString = 54AFC2CF1A59408300F9AB20;
			remoteInfo = AppRTCDemo;
		};
/* End PBXContainerItemProxy section */

/* Begin PBXFileReference section */
		54AFC2D01A59408300F9AB20 /* AppRTCDemo.app */ = {isa = PBXFileReference; explicitFileType = wrapper.application; includeInIndex = 0; path = AppRTCDemo.app; sourceTree = BUILT_PRODUCTS_DIR; };
		54AFC2E91A59408400F9AB20 /* AppRTCDemoTests.xctest */ = {isa = PBXFileReference; explicitFileType = wrapper.cfbundle; includeInIndex = 0; path = AppRTCDemoTests.xctest; sourceTree = BUILT_PRODUCTS_DIR; };
		54AFC2EE1A59408400F9AB20 /* Info.plist */ = {isa = PBXFileReference; lastKnownFileType = text.plist.xml; path = Info.plist; sourceTree = "<group>"; };
		54AFC2EF1A59408400F9AB20 /* AppRTCDemoTests.m */ = {isa = PBXFileReference; lastKnownFileType = sourcecode.c.objc; path = AppRTCDemoTests.m; sourceTree = "<group>"; };
		54AFC2F91A5940B900F9AB20 /* libc++.dylib */ = {isa = PBXFileReference; lastKnownFileType = "compiled.mach-o.dylib"; name = "libc++.dylib"; path = "usr/lib/libc++.dylib"; sourceTree = SDKROOT; };
		54AFC2FB1A5940C500F9AB20 /* libicucore.dylib */ = {isa = PBXFileReference; lastKnownFileType = "compiled.mach-o.dylib"; name = libicucore.dylib; path = usr/lib/libicucore.dylib; sourceTree = SDKROOT; };
		54AFC2FD1A5940D000F9AB20 /* Security.framework */ = {isa = PBXFileReference; lastKnownFileType = wrapper.framework; name = Security.framework; path = System/Library/Frameworks/Security.framework; sourceTree = SDKROOT; };
		54AFC2FF1A5940DB00F9AB20 /* CFNetwork.framework */ = {isa = PBXFileReference; lastKnownFileType = wrapper.framework; name = CFNetwork.framework; path = System/Library/Frameworks/CFNetwork.framework; sourceTree = SDKROOT; };
		54AFC3011A5940E500F9AB20 /* GLKit.framework */ = {isa = PBXFileReference; lastKnownFileType = wrapper.framework; name = GLKit.framework; path = System/Library/Frameworks/GLKit.framework; sourceTree = SDKROOT; };
		54AFC3031A5940F100F9AB20 /* libstdc++.6.dylib */ = {isa = PBXFileReference; lastKnownFileType = "compiled.mach-o.dylib"; name = "libstdc++.6.dylib"; path = "usr/lib/libstdc++.6.dylib"; sourceTree = SDKROOT; };
		54AFC3051A59410100F9AB20 /* AudioToolbox.framework */ = {isa = PBXFileReference; lastKnownFileType = wrapper.framework; name = AudioToolbox.framework; path = System/Library/Frameworks/AudioToolbox.framework; sourceTree = SDKROOT; };
		54AFC3071A59410C00F9AB20 /* AVFoundation.framework */ = {isa = PBXFileReference; lastKnownFileType = wrapper.framework; name = AVFoundation.framework; path = System/Library/Frameworks/AVFoundation.framework; sourceTree = SDKROOT; };
		54AFC3091A59411C00F9AB20 /* CoreAudio.framework */ = {isa = PBXFileReference; lastKnownFileType = wrapper.framework; name = CoreAudio.framework; path = System/Library/Frameworks/CoreAudio.framework; sourceTree = SDKROOT; };
		54AFC30B1A59412C00F9AB20 /* CoreMedia.framework */ = {isa = PBXFileReference; lastKnownFileType = wrapper.framework; name = CoreMedia.framework; path = System/Library/Frameworks/CoreMedia.framework; sourceTree = SDKROOT; };
		54AFC30D1A59413800F9AB20 /* CoreVideo.framework */ = {isa = PBXFileReference; lastKnownFileType = wrapper.framework; name = CoreVideo.framework; path = System/Library/Frameworks/CoreVideo.framework; sourceTree = SDKROOT; };
		54AFC30F1A59415800F9AB20 /* CoreGraphics.framework */ = {isa = PBXFileReference; lastKnownFileType = wrapper.framework; name = CoreGraphics.framework; path = System/Library/Frameworks/CoreGraphics.framework; sourceTree = SDKROOT; };
		54AFC3111A59416300F9AB20 /* OpenGLES.framework */ = {isa = PBXFileReference; lastKnownFileType = wrapper.framework; name = OpenGLES.framework; path = System/Library/Frameworks/OpenGLES.framework; sourceTree = SDKROOT; };
		54AFC3131A59416E00F9AB20 /* QuartzCore.framework */ = {isa = PBXFileReference; lastKnownFileType = wrapper.framework; name = QuartzCore.framework; path = System/Library/Frameworks/QuartzCore.framework; sourceTree = SDKROOT; };
		54AFC3151A59417A00F9AB20 /* libsqlite3.dylib */ = {isa = PBXFileReference; lastKnownFileType = "compiled.mach-o.dylib"; name = libsqlite3.dylib; path = usr/lib/libsqlite3.dylib; sourceTree = SDKROOT; };
		54AFC31A1A59426C00F9AB20 /* RTCAudioSource.h */ = {isa = PBXFileReference; fileEncoding = 4; lastKnownFileType = sourcecode.c.h; path = RTCAudioSource.h; sourceTree = "<group>"; };
		54AFC31B1A59426C00F9AB20 /* RTCAudioTrack.h */ = {isa = PBXFileReference; fileEncoding = 4; lastKnownFileType = sourcecode.c.h; path = RTCAudioTrack.h; sourceTree = "<group>"; };
		54AFC31C1A59426C00F9AB20 /* RTCDataChannel.h */ = {isa = PBXFileReference; fileEncoding = 4; lastKnownFileType = sourcecode.c.h; path = RTCDataChannel.h; sourceTree = "<group>"; };
		54AFC31D1A59426C00F9AB20 /* RTCEAGLVideoView.h */ = {isa = PBXFileReference; fileEncoding = 4; lastKnownFileType = sourcecode.c.h; path = RTCEAGLVideoView.h; sourceTree = "<group>"; };
		54AFC31E1A59426C00F9AB20 /* RTCI420Frame.h */ = {isa = PBXFileReference; fileEncoding = 4; lastKnownFileType = sourcecode.c.h; path = RTCI420Frame.h; sourceTree = "<group>"; };
		54AFC31F1A59426C00F9AB20 /* RTCICECandidate.h */ = {isa = PBXFileReference; fileEncoding = 4; lastKnownFileType = sourcecode.c.h; path = RTCICECandidate.h; sourceTree = "<group>"; };
		54AFC3201A59426C00F9AB20 /* RTCICEServer.h */ = {isa = PBXFileReference; fileEncoding = 4; lastKnownFileType = sourcecode.c.h; path = RTCICEServer.h; sourceTree = "<group>"; };
		54AFC3211A59426C00F9AB20 /* RTCMediaConstraints.h */ = {isa = PBXFileReference; fileEncoding = 4; lastKnownFileType = sourcecode.c.h; path = RTCMediaConstraints.h; sourceTree = "<group>"; };
		54AFC3221A59426C00F9AB20 /* RTCMediaSource.h */ = {isa = PBXFileReference; fileEncoding = 4; lastKnownFileType = sourcecode.c.h; path = RTCMediaSource.h; sourceTree = "<group>"; };
		54AFC3231A59426C00F9AB20 /* RTCMediaStream.h */ = {isa = PBXFileReference; fileEncoding = 4; lastKnownFileType = sourcecode.c.h; path = RTCMediaStream.h; sourceTree = "<group>"; };
		54AFC3241A59426C00F9AB20 /* RTCMediaStreamTrack.h */ = {isa = PBXFileReference; fileEncoding = 4; lastKnownFileType = sourcecode.c.h; path = RTCMediaStreamTrack.h; sourceTree = "<group>"; };
		54AFC3251A59426C00F9AB20 /* RTCNSGLVideoView.h */ = {isa = PBXFileReference; fileEncoding = 4; lastKnownFileType = sourcecode.c.h; path = RTCNSGLVideoView.h; sourceTree = "<group>"; };
		54AFC3261A59426C00F9AB20 /* RTCOpenGLVideoRenderer.h */ = {isa = PBXFileReference; fileEncoding = 4; lastKnownFileType = sourcecode.c.h; path = RTCOpenGLVideoRenderer.h; sourceTree = "<group>"; };
		54AFC3271A59426C00F9AB20 /* RTCPair.h */ = {isa = PBXFileReference; fileEncoding = 4; lastKnownFileType = sourcecode.c.h; path = RTCPair.h; sourceTree = "<group>"; };
		54AFC3281A59426C00F9AB20 /* RTCPeerConnection.h */ = {isa = PBXFileReference; fileEncoding = 4; lastKnownFileType = sourcecode.c.h; path = RTCPeerConnection.h; sourceTree = "<group>"; };
		54AFC3291A59426C00F9AB20 /* RTCPeerConnectionDelegate.h */ = {isa = PBXFileReference; fileEncoding = 4; lastKnownFileType = sourcecode.c.h; path = RTCPeerConnectionDelegate.h; sourceTree = "<group>"; };
		54AFC32A1A59426C00F9AB20 /* RTCPeerConnectionFactory.h */ = {isa = PBXFileReference; fileEncoding = 4; lastKnownFileType = sourcecode.c.h; path = RTCPeerConnectionFactory.h; sourceTree = "<group>"; };
		54AFC32B1A59426C00F9AB20 /* RTCSessionDescription.h */ = {isa = PBXFileReference; fileEncoding = 4; lastKnownFileType = sourcecode.c.h; path = RTCSessionDescription.h; sourceTree = "<group>"; };
		54AFC32C1A59426C00F9AB20 /* RTCSessionDescriptionDelegate.h */ = {isa = PBXFileReference; fileEncoding = 4; lastKnownFileType = sourcecode.c.h; path = RTCSessionDescriptionDelegate.h; sourceTree = "<group>"; };
		54AFC32D1A59426C00F9AB20 /* RTCStatsDelegate.h */ = {isa = PBXFileReference; fileEncoding = 4; lastKnownFileType = sourcecode.c.h; path = RTCStatsDelegate.h; sourceTree = "<group>"; };
		54AFC32E1A59426C00F9AB20 /* RTCStatsReport.h */ = {isa = PBXFileReference; fileEncoding = 4; lastKnownFileType = sourcecode.c.h; path = RTCStatsReport.h; sourceTree = "<group>"; };
		54AFC32F1A59426C00F9AB20 /* RTCTypes.h */ = {isa = PBXFileReference; fileEncoding = 4; lastKnownFileType = sourcecode.c.h; path = RTCTypes.h; sourceTree = "<group>"; };
		54AFC3301A59426C00F9AB20 /* RTCVideoCapturer.h */ = {isa = PBXFileReference; fileEncoding = 4; lastKnownFileType = sourcecode.c.h; path = RTCVideoCapturer.h; sourceTree = "<group>"; };
		54AFC3311A59426C00F9AB20 /* RTCVideoRenderer.h */ = {isa = PBXFileReference; fileEncoding = 4; lastKnownFileType = sourcecode.c.h; path = RTCVideoRenderer.h; sourceTree = "<group>"; };
		54AFC3321A59426C00F9AB20 /* RTCVideoSource.h */ = {isa = PBXFileReference; fileEncoding = 4; lastKnownFileType = sourcecode.c.h; path = RTCVideoSource.h; sourceTree = "<group>"; };
		54AFC3331A59426C00F9AB20 /* RTCVideoTrack.h */ = {isa = PBXFileReference; fileEncoding = 4; lastKnownFileType = sourcecode.c.h; path = RTCVideoTrack.h; sourceTree = "<group>"; };
		54AFC37E1A59440800F9AB20 /* APPRTCAppDelegate.h */ = {isa = PBXFileReference; fileEncoding = 4; lastKnownFileType = sourcecode.c.h; path = APPRTCAppDelegate.h; sourceTree = "<group>"; };
		54AFC37F1A59440800F9AB20 /* APPRTCAppDelegate.m */ = {isa = PBXFileReference; fileEncoding = 4; lastKnownFileType = sourcecode.c.objc; path = APPRTCAppDelegate.m; sourceTree = "<group>"; };
		54AFC3801A59440800F9AB20 /* AppRTCDemo-Prefix.pch */ = {isa = PBXFileReference; fileEncoding = 4; lastKnownFileType = sourcecode.c.h; path = "AppRTCDemo-Prefix.pch"; sourceTree = "<group>"; };
		54AFC3811A59440800F9AB20 /* APPRTCViewController.h */ = {isa = PBXFileReference; fileEncoding = 4; lastKnownFileType = sourcecode.c.h; path = APPRTCViewController.h; sourceTree = "<group>"; };
		54AFC3821A59440800F9AB20 /* APPRTCViewController.m */ = {isa = PBXFileReference; fileEncoding = 4; lastKnownFileType = sourcecode.c.objc; path = APPRTCViewController.m; sourceTree = "<group>"; };
		54AFC3831A59440800F9AB20 /* ARDAppClient.h */ = {isa = PBXFileReference; fileEncoding = 4; lastKnownFileType = sourcecode.c.h; path = ARDAppClient.h; sourceTree = "<group>"; };
		54AFC3841A59440800F9AB20 /* ARDAppClient.m */ = {isa = PBXFileReference; fileEncoding = 4; lastKnownFileType = sourcecode.c.objc; path = ARDAppClient.m; sourceTree = "<group>"; };
		54AFC3851A59440800F9AB20 /* ARDMessageResponse.h */ = {isa = PBXFileReference; fileEncoding = 4; lastKnownFileType = sourcecode.c.h; path = ARDMessageResponse.h; sourceTree = "<group>"; };
		54AFC3861A59440800F9AB20 /* ARDMessageResponse.m */ = {isa = PBXFileReference; fileEncoding = 4; lastKnownFileType = sourcecode.c.objc; path = ARDMessageResponse.m; sourceTree = "<group>"; };
		54AFC3871A59440800F9AB20 /* ARDRegisterResponse.h */ = {isa = PBXFileReference; fileEncoding = 4; lastKnownFileType = sourcecode.c.h; path = ARDRegisterResponse.h; sourceTree = "<group>"; };
		54AFC3881A59440800F9AB20 /* ARDRegisterResponse.m */ = {isa = PBXFileReference; fileEncoding = 4; lastKnownFileType = sourcecode.c.objc; path = ARDRegisterResponse.m; sourceTree = "<group>"; };
		54AFC3891A59440800F9AB20 /* ARDSignalingMessage.h */ = {isa = PBXFileReference; fileEncoding = 4; lastKnownFileType = sourcecode.c.h; path = ARDSignalingMessage.h; sourceTree = "<group>"; };
		54AFC38A1A59440800F9AB20 /* ARDSignalingMessage.m */ = {isa = PBXFileReference; fileEncoding = 4; lastKnownFileType = sourcecode.c.objc; path = ARDSignalingMessage.m; sourceTree = "<group>"; };
		54AFC38B1A59440800F9AB20 /* ARDUtilities.h */ = {isa = PBXFileReference; fileEncoding = 4; lastKnownFileType = sourcecode.c.h; path = ARDUtilities.h; sourceTree = "<group>"; };
		54AFC38C1A59440800F9AB20 /* ARDUtilities.m */ = {isa = PBXFileReference; fileEncoding = 4; lastKnownFileType = sourcecode.c.objc; path = ARDUtilities.m; sourceTree = "<group>"; };
		54AFC38D1A59440800F9AB20 /* ARDWebSocketChannel.h */ = {isa = PBXFileReference; fileEncoding = 4; lastKnownFileType = sourcecode.c.h; path = ARDWebSocketChannel.h; sourceTree = "<group>"; };
		54AFC38E1A59440800F9AB20 /* ARDWebSocketChannel.m */ = {isa = PBXFileReference; fileEncoding = 4; lastKnownFileType = sourcecode.c.objc; path = ARDWebSocketChannel.m; sourceTree = "<group>"; };
		54AFC38F1A59440800F9AB20 /* Default.png */ = {isa = PBXFileReference; lastKnownFileType = image.png; path = Default.png; sourceTree = "<group>"; };
		54AFC3911A59440800F9AB20 /* en */ = {isa = PBXFileReference; lastKnownFileType = file.xib; name = en; path = en.lproj/APPRTCViewController.xib; sourceTree = "<group>"; };
		54AFC3921A59440800F9AB20 /* Info.plist */ = {isa = PBXFileReference; fileEncoding = 4; lastKnownFileType = text.plist.xml; path = Info.plist; sourceTree = "<group>"; };
		54AFC3931A59440800F9AB20 /* main.m */ = {isa = PBXFileReference; fileEncoding = 4; lastKnownFileType = sourcecode.c.objc; path = main.m; sourceTree = "<group>"; };
		54AFC3941A59440800F9AB20 /* ResourceRules.plist */ = {isa = PBXFileReference; fileEncoding = 4; lastKnownFileType = text.plist.xml; path = ResourceRules.plist; sourceTree = "<group>"; };
		54AFC3951A59440800F9AB20 /* RTCICECandidate+JSON.h */ = {isa = PBXFileReference; fileEncoding = 4; lastKnownFileType = sourcecode.c.h; path = "RTCICECandidate+JSON.h"; sourceTree = "<group>"; };
		54AFC3961A59440800F9AB20 /* RTCICECandidate+JSON.m */ = {isa = PBXFileReference; fileEncoding = 4; lastKnownFileType = sourcecode.c.objc; path = "RTCICECandidate+JSON.m"; sourceTree = "<group>"; };
		54AFC3971A59440800F9AB20 /* RTCICEServer+JSON.h */ = {isa = PBXFileReference; fileEncoding = 4; lastKnownFileType = sourcecode.c.h; path = "RTCICEServer+JSON.h"; sourceTree = "<group>"; };
		54AFC3981A59440800F9AB20 /* RTCICEServer+JSON.m */ = {isa = PBXFileReference; fileEncoding = 4; lastKnownFileType = sourcecode.c.objc; path = "RTCICEServer+JSON.m"; sourceTree = "<group>"; };
		54AFC3991A59440800F9AB20 /* RTCMediaConstraints+JSON.h */ = {isa = PBXFileReference; fileEncoding = 4; lastKnownFileType = sourcecode.c.h; path = "RTCMediaConstraints+JSON.h"; sourceTree = "<group>"; };
		54AFC39A1A59440800F9AB20 /* RTCMediaConstraints+JSON.m */ = {isa = PBXFileReference; fileEncoding = 4; lastKnownFileType = sourcecode.c.objc; path = "RTCMediaConstraints+JSON.m"; sourceTree = "<group>"; };
		54AFC39B1A59440800F9AB20 /* RTCSessionDescription+JSON.h */ = {isa = PBXFileReference; fileEncoding = 4; lastKnownFileType = sourcecode.c.h; path = "RTCSessionDescription+JSON.h"; sourceTree = "<group>"; };
		54AFC39C1A59440800F9AB20 /* RTCSessionDescription+JSON.m */ = {isa = PBXFileReference; fileEncoding = 4; lastKnownFileType = sourcecode.c.objc; path = "RTCSessionDescription+JSON.m"; sourceTree = "<group>"; };
		54AFC39F1A59440800F9AB20 /* LICENSE */ = {isa = PBXFileReference; fileEncoding = 4; lastKnownFileType = text; path = LICENSE; sourceTree = "<group>"; };
		54AFC3A01A59440800F9AB20 /* SRWebSocket.h */ = {isa = PBXFileReference; fileEncoding = 4; lastKnownFileType = sourcecode.c.h; path = SRWebSocket.h; sourceTree = "<group>"; };
		54AFC3A11A59440800F9AB20 /* SRWebSocket.m */ = {isa = PBXFileReference; fileEncoding = 4; lastKnownFileType = sourcecode.c.objc; path = SRWebSocket.m; sourceTree = "<group>"; };
		54F724EF1A5AE5060066174E /* libWebRTC.a */ = {isa = PBXFileReference; lastKnownFileType = archive.ar; path = libWebRTC.a; sourceTree = "<group>"; };
/* End PBXFileReference section */

/* Begin PBXFrameworksBuildPhase section */
		54AFC2CD1A59408300F9AB20 /* Frameworks */ = {
			isa = PBXFrameworksBuildPhase;
			buildActionMask = 2147483647;
			files = (
				54F724F01A5AE5060066174E /* libWebRTC.a in Frameworks */,
				54AFC3161A59417A00F9AB20 /* libsqlite3.dylib in Frameworks */,
				54AFC3141A59416E00F9AB20 /* QuartzCore.framework in Frameworks */,
				54AFC3121A59416300F9AB20 /* OpenGLES.framework in Frameworks */,
				54AFC3101A59415800F9AB20 /* CoreGraphics.framework in Frameworks */,
				54AFC30E1A59413800F9AB20 /* CoreVideo.framework in Frameworks */,
				54AFC30C1A59412C00F9AB20 /* CoreMedia.framework in Frameworks */,
				54AFC30A1A59411C00F9AB20 /* CoreAudio.framework in Frameworks */,
				54AFC3081A59410C00F9AB20 /* AVFoundation.framework in Frameworks */,
				54AFC3061A59410100F9AB20 /* AudioToolbox.framework in Frameworks */,
				54AFC3041A5940F100F9AB20 /* libstdc++.6.dylib in Frameworks */,
				54AFC3021A5940E500F9AB20 /* GLKit.framework in Frameworks */,
				54AFC3001A5940DB00F9AB20 /* CFNetwork.framework in Frameworks */,
				54AFC2FE1A5940D000F9AB20 /* Security.framework in Frameworks */,
				54AFC2FC1A5940C500F9AB20 /* libicucore.dylib in Frameworks */,
				54AFC2FA1A5940B900F9AB20 /* libc++.dylib in Frameworks */,
			);
			runOnlyForDeploymentPostprocessing = 0;
		};
		54AFC2E61A59408400F9AB20 /* Frameworks */ = {
			isa = PBXFrameworksBuildPhase;
			buildActionMask = 2147483647;
			files = (
			);
			runOnlyForDeploymentPostprocessing = 0;
		};
/* End PBXFrameworksBuildPhase section */

/* Begin PBXGroup section */
		54AFC2C71A59408300F9AB20 = {
			isa = PBXGroup;
			children = (
				54F724EF1A5AE5060066174E /* libWebRTC.a */,
				54AFC37D1A59440800F9AB20 /* AppRTCDemo */,
				54AFC3191A59426C00F9AB20 /* include */,
				54AFC3151A59417A00F9AB20 /* libsqlite3.dylib */,
				54AFC3131A59416E00F9AB20 /* QuartzCore.framework */,
				54AFC3111A59416300F9AB20 /* OpenGLES.framework */,
				54AFC30F1A59415800F9AB20 /* CoreGraphics.framework */,
				54AFC30D1A59413800F9AB20 /* CoreVideo.framework */,
				54AFC30B1A59412C00F9AB20 /* CoreMedia.framework */,
				54AFC3091A59411C00F9AB20 /* CoreAudio.framework */,
				54AFC3071A59410C00F9AB20 /* AVFoundation.framework */,
				54AFC3051A59410100F9AB20 /* AudioToolbox.framework */,
				54AFC3031A5940F100F9AB20 /* libstdc++.6.dylib */,
				54AFC3011A5940E500F9AB20 /* GLKit.framework */,
				54AFC2FF1A5940DB00F9AB20 /* CFNetwork.framework */,
				54AFC2FD1A5940D000F9AB20 /* Security.framework */,
				54AFC2FB1A5940C500F9AB20 /* libicucore.dylib */,
				54AFC2F91A5940B900F9AB20 /* libc++.dylib */,
				54AFC2EC1A59408400F9AB20 /* AppRTCDemoTests */,
				54AFC2D11A59408300F9AB20 /* Products */,
			);
			sourceTree = "<group>";
		};
		54AFC2D11A59408300F9AB20 /* Products */ = {
			isa = PBXGroup;
			children = (
				54AFC2D01A59408300F9AB20 /* AppRTCDemo.app */,
				54AFC2E91A59408400F9AB20 /* AppRTCDemoTests.xctest */,
			);
			name = Products;
			sourceTree = "<group>";
		};
		54AFC2EC1A59408400F9AB20 /* AppRTCDemoTests */ = {
			isa = PBXGroup;
			children = (
				54AFC2EF1A59408400F9AB20 /* AppRTCDemoTests.m */,
				54AFC2ED1A59408400F9AB20 /* Supporting Files */,
			);
			path = AppRTCDemoTests;
			sourceTree = "<group>";
		};
		54AFC2ED1A59408400F9AB20 /* Supporting Files */ = {
			isa = PBXGroup;
			children = (
				54AFC2EE1A59408400F9AB20 /* Info.plist */,
			);
			name = "Supporting Files";
			sourceTree = "<group>";
		};
		54AFC3191A59426C00F9AB20 /* include */ = {
			isa = PBXGroup;
			children = (
				54AFC31A1A59426C00F9AB20 /* RTCAudioSource.h */,
				54AFC31B1A59426C00F9AB20 /* RTCAudioTrack.h */,
				54AFC31C1A59426C00F9AB20 /* RTCDataChannel.h */,
				54AFC31D1A59426C00F9AB20 /* RTCEAGLVideoView.h */,
				54AFC31E1A59426C00F9AB20 /* RTCI420Frame.h */,
				54AFC31F1A59426C00F9AB20 /* RTCICECandidate.h */,
				54AFC3201A59426C00F9AB20 /* RTCICEServer.h */,
				54AFC3211A59426C00F9AB20 /* RTCMediaConstraints.h */,
				54AFC3221A59426C00F9AB20 /* RTCMediaSource.h */,
				54AFC3231A59426C00F9AB20 /* RTCMediaStream.h */,
				54AFC3241A59426C00F9AB20 /* RTCMediaStreamTrack.h */,
				54AFC3251A59426C00F9AB20 /* RTCNSGLVideoView.h */,
				54AFC3261A59426C00F9AB20 /* RTCOpenGLVideoRenderer.h */,
				54AFC3271A59426C00F9AB20 /* RTCPair.h */,
				54AFC3281A59426C00F9AB20 /* RTCPeerConnection.h */,
				54AFC3291A59426C00F9AB20 /* RTCPeerConnectionDelegate.h */,
				54AFC32A1A59426C00F9AB20 /* RTCPeerConnectionFactory.h */,
				54AFC32B1A59426C00F9AB20 /* RTCSessionDescription.h */,
				54AFC32C1A59426C00F9AB20 /* RTCSessionDescriptionDelegate.h */,
				54AFC32D1A59426C00F9AB20 /* RTCStatsDelegate.h */,
				54AFC32E1A59426C00F9AB20 /* RTCStatsReport.h */,
				54AFC32F1A59426C00F9AB20 /* RTCTypes.h */,
				54AFC3301A59426C00F9AB20 /* RTCVideoCapturer.h */,
				54AFC3311A59426C00F9AB20 /* RTCVideoRenderer.h */,
				54AFC3321A59426C00F9AB20 /* RTCVideoSource.h */,
				54AFC3331A59426C00F9AB20 /* RTCVideoTrack.h */,
			);
			path = include;
			sourceTree = "<group>";
		};
		54AFC37D1A59440800F9AB20 /* AppRTCDemo */ = {
			isa = PBXGroup;
			children = (
				54AFC37E1A59440800F9AB20 /* APPRTCAppDelegate.h */,
				54AFC37F1A59440800F9AB20 /* APPRTCAppDelegate.m */,
				54AFC3801A59440800F9AB20 /* AppRTCDemo-Prefix.pch */,
				54AFC3811A59440800F9AB20 /* APPRTCViewController.h */,
				54AFC3821A59440800F9AB20 /* APPRTCViewController.m */,
				54AFC3831A59440800F9AB20 /* ARDAppClient.h */,
				54AFC3841A59440800F9AB20 /* ARDAppClient.m */,
				54AFC3851A59440800F9AB20 /* ARDMessageResponse.h */,
				54AFC3861A59440800F9AB20 /* ARDMessageResponse.m */,
				54AFC3871A59440800F9AB20 /* ARDRegisterResponse.h */,
				54AFC3881A59440800F9AB20 /* ARDRegisterResponse.m */,
				54AFC3891A59440800F9AB20 /* ARDSignalingMessage.h */,
				54AFC38A1A59440800F9AB20 /* ARDSignalingMessage.m */,
				54AFC38B1A59440800F9AB20 /* ARDUtilities.h */,
				54AFC38C1A59440800F9AB20 /* ARDUtilities.m */,
				54AFC38D1A59440800F9AB20 /* ARDWebSocketChannel.h */,
				54AFC38E1A59440800F9AB20 /* ARDWebSocketChannel.m */,
				54AFC38F1A59440800F9AB20 /* Default.png */,
				54AFC3901A59440800F9AB20 /* APPRTCViewController.xib */,
				54AFC3921A59440800F9AB20 /* Info.plist */,
				54AFC3931A59440800F9AB20 /* main.m */,
				54AFC3941A59440800F9AB20 /* ResourceRules.plist */,
				54AFC3951A59440800F9AB20 /* RTCICECandidate+JSON.h */,
				54AFC3961A59440800F9AB20 /* RTCICECandidate+JSON.m */,
				54AFC3971A59440800F9AB20 /* RTCICEServer+JSON.h */,
				54AFC3981A59440800F9AB20 /* RTCICEServer+JSON.m */,
				54AFC3991A59440800F9AB20 /* RTCMediaConstraints+JSON.h */,
				54AFC39A1A59440800F9AB20 /* RTCMediaConstraints+JSON.m */,
				54AFC39B1A59440800F9AB20 /* RTCSessionDescription+JSON.h */,
				54AFC39C1A59440800F9AB20 /* RTCSessionDescription+JSON.m */,
				54AFC39D1A59440800F9AB20 /* third_party */,
			);
			path = AppRTCDemo;
			sourceTree = "<group>";
		};
		54AFC39D1A59440800F9AB20 /* third_party */ = {
			isa = PBXGroup;
			children = (
				54AFC39E1A59440800F9AB20 /* SocketRocket */,
			);
			path = third_party;
			sourceTree = "<group>";
		};
		54AFC39E1A59440800F9AB20 /* SocketRocket */ = {
			isa = PBXGroup;
			children = (
				54AFC39F1A59440800F9AB20 /* LICENSE */,
				54AFC3A01A59440800F9AB20 /* SRWebSocket.h */,
				54AFC3A11A59440800F9AB20 /* SRWebSocket.m */,
			);
			path = SocketRocket;
			sourceTree = "<group>";
		};
/* End PBXGroup section */

/* Begin PBXNativeTarget section */
		54AFC2CF1A59408300F9AB20 /* AppRTCDemo */ = {
			isa = PBXNativeTarget;
			buildConfigurationList = 54AFC2F31A59408400F9AB20 /* Build configuration list for PBXNativeTarget "AppRTCDemo" */;
			buildPhases = (
				54AFC2CC1A59408300F9AB20 /* Sources */,
				54AFC2CD1A59408300F9AB20 /* Frameworks */,
				54AFC2CE1A59408300F9AB20 /* Resources */,
			);
			buildRules = (
			);
			dependencies = (
			);
			name = AppRTCDemo;
			productName = AppRTCDemo;
			productReference = 54AFC2D01A59408300F9AB20 /* AppRTCDemo.app */;
			productType = "com.apple.product-type.application";
		};
		54AFC2E81A59408400F9AB20 /* AppRTCDemoTests */ = {
			isa = PBXNativeTarget;
			buildConfigurationList = 54AFC2F61A59408400F9AB20 /* Build configuration list for PBXNativeTarget "AppRTCDemoTests" */;
			buildPhases = (
				54AFC2E51A59408400F9AB20 /* Sources */,
				54AFC2E61A59408400F9AB20 /* Frameworks */,
				54AFC2E71A59408400F9AB20 /* Resources */,
			);
			buildRules = (
			);
			dependencies = (
				54AFC2EB1A59408400F9AB20 /* PBXTargetDependency */,
			);
			name = AppRTCDemoTests;
			productName = AppRTCDemoTests;
			productReference = 54AFC2E91A59408400F9AB20 /* AppRTCDemoTests.xctest */;
			productType = "com.apple.product-type.bundle.unit-test";
		};
/* End PBXNativeTarget section */

/* Begin PBXProject section */
		54AFC2C81A59408300F9AB20 /* Project object */ = {
			isa = PBXProject;
			attributes = {
				LastUpgradeCheck = 0610;
				ORGANIZATIONNAME = "Shin Hiroe";
				TargetAttributes = {
					54AFC2CF1A59408300F9AB20 = {
						CreatedOnToolsVersion = 6.1.1;
					};
					54AFC2E81A59408400F9AB20 = {
						CreatedOnToolsVersion = 6.1.1;
						TestTargetID = 54AFC2CF1A59408300F9AB20;
					};
				};
			};
			buildConfigurationList = 54AFC2CB1A59408300F9AB20 /* Build configuration list for PBXProject "AppRTCDemo" */;
			compatibilityVersion = "Xcode 3.2";
			developmentRegion = English;
			hasScannedForEncodings = 0;
			knownRegions = (
				en,
				Base,
			);
			mainGroup = 54AFC2C71A59408300F9AB20;
			productRefGroup = 54AFC2D11A59408300F9AB20 /* Products */;
			projectDirPath = "";
			projectRoot = "";
			targets = (
				54AFC2CF1A59408300F9AB20 /* AppRTCDemo */,
				54AFC2E81A59408400F9AB20 /* AppRTCDemoTests */,
			);
		};
/* End PBXProject section */

/* Begin PBXResourcesBuildPhase section */
		54AFC2CE1A59408300F9AB20 /* Resources */ = {
			isa = PBXResourcesBuildPhase;
			buildActionMask = 2147483647;
			files = (
				54AFC3AE1A59440800F9AB20 /* ResourceRules.plist in Resources */,
				54AFC3AB1A59440800F9AB20 /* APPRTCViewController.xib in Resources */,
				54AFC3AA1A59440800F9AB20 /* Default.png in Resources */,
				54AFC3AC1A59440800F9AB20 /* Info.plist in Resources */,
				54AFC3B31A59440800F9AB20 /* LICENSE in Resources */,
			);
			runOnlyForDeploymentPostprocessing = 0;
		};
		54AFC2E71A59408400F9AB20 /* Resources */ = {
			isa = PBXResourcesBuildPhase;
			buildActionMask = 2147483647;
			files = (
			);
			runOnlyForDeploymentPostprocessing = 0;
		};
/* End PBXResourcesBuildPhase section */

/* Begin PBXSourcesBuildPhase section */
		54AFC2CC1A59408300F9AB20 /* Sources */ = {
			isa = PBXSourcesBuildPhase;
			buildActionMask = 2147483647;
			files = (
				54AFC3A61A59440800F9AB20 /* ARDRegisterResponse.m in Sources */,
				54AFC3A41A59440800F9AB20 /* ARDAppClient.m in Sources */,
				54AFC3A31A59440800F9AB20 /* APPRTCViewController.m in Sources */,
				54AFC3AF1A59440800F9AB20 /* RTCICECandidate+JSON.m in Sources */,
				54AFC3B41A59440800F9AB20 /* SRWebSocket.m in Sources */,
				54AFC3A51A59440800F9AB20 /* ARDMessageResponse.m in Sources */,
				54AFC3A71A59440800F9AB20 /* ARDSignalingMessage.m in Sources */,
				54AFC3B01A59440800F9AB20 /* RTCICEServer+JSON.m in Sources */,
				54AFC3B21A59440800F9AB20 /* RTCSessionDescription+JSON.m in Sources */,
				54AFC3A21A59440800F9AB20 /* APPRTCAppDelegate.m in Sources */,
				54AFC3A81A59440800F9AB20 /* ARDUtilities.m in Sources */,
				54AFC3AD1A59440800F9AB20 /* main.m in Sources */,
				54AFC3A91A59440800F9AB20 /* ARDWebSocketChannel.m in Sources */,
				54AFC3B11A59440800F9AB20 /* RTCMediaConstraints+JSON.m in Sources */,
			);
			runOnlyForDeploymentPostprocessing = 0;
		};
		54AFC2E51A59408400F9AB20 /* Sources */ = {
			isa = PBXSourcesBuildPhase;
			buildActionMask = 2147483647;
			files = (
				54AFC2F01A59408400F9AB20 /* AppRTCDemoTests.m in Sources */,
			);
			runOnlyForDeploymentPostprocessing = 0;
		};
/* End PBXSourcesBuildPhase section */

/* Begin PBXTargetDependency section */
		54AFC2EB1A59408400F9AB20 /* PBXTargetDependency */ = {
			isa = PBXTargetDependency;
			target = 54AFC2CF1A59408300F9AB20 /* AppRTCDemo */;
			targetProxy = 54AFC2EA1A59408400F9AB20 /* PBXContainerItemProxy */;
		};
/* End PBXTargetDependency section */

/* Begin PBXVariantGroup section */
		54AFC3901A59440800F9AB20 /* APPRTCViewController.xib */ = {
			isa = PBXVariantGroup;
			children = (
				54AFC3911A59440800F9AB20 /* en */,
			);
			name = APPRTCViewController.xib;
			sourceTree = "<group>";
		};
/* End PBXVariantGroup section */

/* Begin XCBuildConfiguration section */
		54AFC2F11A59408400F9AB20 /* Debug */ = {
			isa = XCBuildConfiguration;
			buildSettings = {
				ALWAYS_SEARCH_USER_PATHS = NO;
				CLANG_CXX_LANGUAGE_STANDARD = "gnu++0x";
				CLANG_CXX_LIBRARY = "libc++";
				CLANG_ENABLE_MODULES = YES;
				CLANG_ENABLE_OBJC_ARC = YES;
				CLANG_WARN_BOOL_CONVERSION = YES;
				CLANG_WARN_CONSTANT_CONVERSION = YES;
				CLANG_WARN_DIRECT_OBJC_ISA_USAGE = YES_ERROR;
				CLANG_WARN_EMPTY_BODY = YES;
				CLANG_WARN_ENUM_CONVERSION = YES;
				CLANG_WARN_INT_CONVERSION = YES;
				CLANG_WARN_OBJC_ROOT_CLASS = YES_ERROR;
				CLANG_WARN_UNREACHABLE_CODE = YES;
				CLANG_WARN__DUPLICATE_METHOD_MATCH = YES;
				"CODE_SIGN_IDENTITY[sdk=iphoneos*]" = "iPhone Developer";
				COPY_PHASE_STRIP = NO;
				ENABLE_STRICT_OBJC_MSGSEND = YES;
				GCC_C_LANGUAGE_STANDARD = gnu99;
				GCC_DYNAMIC_NO_PIC = NO;
				GCC_OPTIMIZATION_LEVEL = 0;
				GCC_PREPROCESSOR_DEFINITIONS = (
					"DEBUG=1",
					"$(inherited)",
				);
				GCC_SYMBOLS_PRIVATE_EXTERN = NO;
				GCC_WARN_64_TO_32_BIT_CONVERSION = YES;
				GCC_WARN_ABOUT_RETURN_TYPE = YES_ERROR;
				GCC_WARN_UNDECLARED_SELECTOR = YES;
				GCC_WARN_UNINITIALIZED_AUTOS = YES_AGGRESSIVE;
				GCC_WARN_UNUSED_FUNCTION = YES;
				GCC_WARN_UNUSED_VARIABLE = YES;
				IPHONEOS_DEPLOYMENT_TARGET = 8.1;
				MTL_ENABLE_DEBUG_INFO = YES;
				ONLY_ACTIVE_ARCH = YES;
				SDKROOT = iphoneos;
			};
			name = Debug;
		};
		54AFC2F21A59408400F9AB20 /* Release */ = {
			isa = XCBuildConfiguration;
			buildSettings = {
				ALWAYS_SEARCH_USER_PATHS = NO;
				CLANG_CXX_LANGUAGE_STANDARD = "gnu++0x";
				CLANG_CXX_LIBRARY = "libc++";
				CLANG_ENABLE_MODULES = YES;
				CLANG_ENABLE_OBJC_ARC = YES;
				CLANG_WARN_BOOL_CONVERSION = YES;
				CLANG_WARN_CONSTANT_CONVERSION = YES;
				CLANG_WARN_DIRECT_OBJC_ISA_USAGE = YES_ERROR;
				CLANG_WARN_EMPTY_BODY = YES;
				CLANG_WARN_ENUM_CONVERSION = YES;
				CLANG_WARN_INT_CONVERSION = YES;
				CLANG_WARN_OBJC_ROOT_CLASS = YES_ERROR;
				CLANG_WARN_UNREACHABLE_CODE = YES;
				CLANG_WARN__DUPLICATE_METHOD_MATCH = YES;
				"CODE_SIGN_IDENTITY[sdk=iphoneos*]" = "iPhone Developer";
				COPY_PHASE_STRIP = YES;
				ENABLE_NS_ASSERTIONS = NO;
				ENABLE_STRICT_OBJC_MSGSEND = YES;
				GCC_C_LANGUAGE_STANDARD = gnu99;
				GCC_WARN_64_TO_32_BIT_CONVERSION = YES;
				GCC_WARN_ABOUT_RETURN_TYPE = YES_ERROR;
				GCC_WARN_UNDECLARED_SELECTOR = YES;
				GCC_WARN_UNINITIALIZED_AUTOS = YES_AGGRESSIVE;
				GCC_WARN_UNUSED_FUNCTION = YES;
				GCC_WARN_UNUSED_VARIABLE = YES;
				IPHONEOS_DEPLOYMENT_TARGET = 8.1;
				MTL_ENABLE_DEBUG_INFO = NO;
				SDKROOT = iphoneos;
				VALIDATE_PRODUCT = YES;
			};
			name = Release;
		};
		54AFC2F41A59408400F9AB20 /* Debug */ = {
			isa = XCBuildConfiguration;
			buildSettings = {
				ASSETCATALOG_COMPILER_APPICON_NAME = AppIcon;
				INFOPLIST_FILE = AppRTCDemo/Info.plist;
				LD_RUNPATH_SEARCH_PATHS = "$(inherited) @executable_path/Frameworks";
				LIBRARY_SEARCH_PATHS = (
					"$(inherited)",
					/Users/shin/src/webrtc,
					"$(PROJECT_DIR)",
				);
				PRODUCT_NAME = "$(TARGET_NAME)";
			};
			name = Debug;
		};
		54AFC2F51A59408400F9AB20 /* Release */ = {
			isa = XCBuildConfiguration;
			buildSettings = {
				ASSETCATALOG_COMPILER_APPICON_NAME = AppIcon;
				INFOPLIST_FILE = AppRTCDemo/Info.plist;
				LD_RUNPATH_SEARCH_PATHS = "$(inherited) @executable_path/Frameworks";
				LIBRARY_SEARCH_PATHS = (
					"$(inherited)",
					/Users/shin/src/webrtc,
					"$(PROJECT_DIR)",
				);
				PRODUCT_NAME = "$(TARGET_NAME)";
			};
			name = Release;
		};
		54AFC2F71A59408400F9AB20 /* Debug */ = {
			isa = XCBuildConfiguration;
			buildSettings = {
				BUNDLE_LOADER = "$(TEST_HOST)";
				FRAMEWORK_SEARCH_PATHS = (
					"$(SDKROOT)/Developer/Library/Frameworks",
					"$(inherited)",
				);
				GCC_PREPROCESSOR_DEFINITIONS = (
					"DEBUG=1",
					"$(inherited)",
				);
				INFOPLIST_FILE = AppRTCDemoTests/Info.plist;
				LD_RUNPATH_SEARCH_PATHS = "$(inherited) @executable_path/Frameworks @loader_path/Frameworks";
				PRODUCT_NAME = "$(TARGET_NAME)";
				TEST_HOST = "$(BUILT_PRODUCTS_DIR)/AppRTCDemo.app/AppRTCDemo";
			};
			name = Debug;
		};
		54AFC2F81A59408400F9AB20 /* Release */ = {
			isa = XCBuildConfiguration;
			buildSettings = {
				BUNDLE_LOADER = "$(TEST_HOST)";
				FRAMEWORK_SEARCH_PATHS = (
					"$(SDKROOT)/Developer/Library/Frameworks",
					"$(inherited)",
				);
				INFOPLIST_FILE = AppRTCDemoTests/Info.plist;
				LD_RUNPATH_SEARCH_PATHS = "$(inherited) @executable_path/Frameworks @loader_path/Frameworks";
				PRODUCT_NAME = "$(TARGET_NAME)";
				TEST_HOST = "$(BUILT_PRODUCTS_DIR)/AppRTCDemo.app/AppRTCDemo";
			};
			name = Release;
		};
/* End XCBuildConfiguration section */

/* Begin XCConfigurationList section */
		54AFC2CB1A59408300F9AB20 /* Build configuration list for PBXProject "AppRTCDemo" */ = {
			isa = XCConfigurationList;
			buildConfigurations = (
				54AFC2F11A59408400F9AB20 /* Debug */,
				54AFC2F21A59408400F9AB20 /* Release */,
			);
			defaultConfigurationIsVisible = 0;
			defaultConfigurationName = Release;
		};
		54AFC2F31A59408400F9AB20 /* Build configuration list for PBXNativeTarget "AppRTCDemo" */ = {
			isa = XCConfigurationList;
			buildConfigurations = (
				54AFC2F41A59408400F9AB20 /* Debug */,
				54AFC2F51A59408400F9AB20 /* Release */,
			);
			defaultConfigurationIsVisible = 0;
			defaultConfigurationName = Release;
		};
		54AFC2F61A59408400F9AB20 /* Build configuration list for PBXNativeTarget "AppRTCDemoTests" */ = {
			isa = XCConfigurationList;
			buildConfigurations = (
				54AFC2F71A59408400F9AB20 /* Debug */,
				54AFC2F81A59408400F9AB20 /* Release */,
			);
			defaultConfigurationIsVisible = 0;
			defaultConfigurationName = Release;
		};
/* End XCConfigurationList section */
	};
	rootObject = 54AFC2C81A59408300F9AB20 /* Project object */;
}
